{
    "_readme": [
        "This file locks the dependencies of your project to a known state",
        "Read more about it at https://getcomposer.org/doc/01-basic-usage.md#installing-dependencies",
        "This file is @generated automatically"
    ],
    "content-hash": "d6481f3c4cde992f956a86bf17945555",
    "packages": [
        {
            "name": "phpmailer/phpmailer",
            "version": "v6.0.6",
            "source": {
                "type": "git",
                "url": "https://github.com/PHPMailer/PHPMailer.git",
                "reference": "8190d73eb5def11a43cfb020b7f36db65330698c"
            },
            "dist": {
                "type": "zip",
                "url": "https://api.github.com/repos/PHPMailer/PHPMailer/zipball/8190d73eb5def11a43cfb020b7f36db65330698c",
                "reference": "8190d73eb5def11a43cfb020b7f36db65330698c",
                "shasum": ""
            },
            "require": {
                "ext-ctype": "*",
                "ext-filter": "*",
                "php": ">=5.5.0"
            },
            "require-dev": {
                "doctrine/annotations": "1.2.*",
                "friendsofphp/php-cs-fixer": "^2.2",
                "phpdocumentor/phpdocumentor": "2.*",
                "phpunit/phpunit": "^4.8 || ^5.7",
                "zendframework/zend-eventmanager": "3.0.*",
                "zendframework/zend-i18n": "2.7.3",
                "zendframework/zend-serializer": "2.7.*"
            },
            "suggest": {
                "ext-mbstring": "Needed to send email in multibyte encoding charset",
                "hayageek/oauth2-yahoo": "Needed for Yahoo XOAUTH2 authentication",
                "league/oauth2-google": "Needed for Google XOAUTH2 authentication",
                "psr/log": "For optional PSR-3 debug logging",
                "stevenmaguire/oauth2-microsoft": "Needed for Microsoft XOAUTH2 authentication",
                "symfony/polyfill-mbstring": "To support UTF-8 if the Mbstring PHP extension is not enabled (^1.2)"
            },
            "type": "library",
            "autoload": {
                "psr-4": {
                    "PHPMailer\\PHPMailer\\": "src/"
                }
            },
            "notification-url": "https://packagist.org/downloads/",
            "license": [
                "LGPL-2.1"
            ],
            "authors": [
                {
                    "name": "Jim Jagielski",
                    "email": "jimjag@gmail.com"
                },
                {
                    "name": "Marcus Bointon",
                    "email": "phpmailer@synchromedia.co.uk"
                },
                {
                    "name": "Andy Prevost",
                    "email": "codeworxtech@users.sourceforge.net"
                },
                {
                    "name": "Brent R. Matzelle"
                }
            ],
            "description": "PHPMailer is a full-featured email creation and transfer class for PHP",
            "time": "2018-11-16T00:41:32+00:00"
        },
        {
            "name": "robquistnl/simplehtmltotext",
            "version": "v1.1.1",
            "source": {
                "type": "git",
                "url": "https://github.com/RobQuistNL/SimpleHtmlToText.git",
                "reference": "24b7c5a22f471b62dd051583b74bc830ca6005aa"
            },
            "dist": {
                "type": "zip",
                "url": "https://api.github.com/repos/RobQuistNL/SimpleHtmlToText/zipball/24b7c5a22f471b62dd051583b74bc830ca6005aa",
                "reference": "24b7c5a22f471b62dd051583b74bc830ca6005aa",
                "shasum": ""
            },
            "require": {
                "php": ">=5.3.0"
            },
            "require-dev": {
                "phpunit/phpunit": "^4.8"
            },
            "type": "lib",
            "autoload": {
                "psr-4": {
                    "SimpleHtmlToText\\": "src",
                    "Test\\SimpleHtmlToText\\": "test"
                }
            },
            "notification-url": "https://packagist.org/downloads/",
            "license": [
                "MIT"
            ],
            "authors": [
                {
                    "name": "Rob Quist",
                    "email": "rob.quist@dukesoft.nl",
                    "homepage": "http://www.dukesoft.nl"
                }
            ],
            "description": "A Simple PHP Class to transform HTML to Text",
            "homepage": "https://github.com/RobQuistNL/SimpleHtmlToText",
            "keywords": [
                "HTMLToText",
                "html2text",
                "simplehtml2text"
            ],
            "time": "2016-11-24T15:02:44+00:00"
        },
        {
            "name": "sinergi/browser-detector",
            "version": "7.0.0.x-dev",
            "source": {
                "type": "git",
                "url": "https://github.com/sinergi/php-browser-detector.git",
                "reference": "945fa5301f3d8bf975b36000309f23cf044592e1"
            },
            "dist": {
                "type": "zip",
                "url": "https://api.github.com/repos/sinergi/php-browser-detector/zipball/945fa5301f3d8bf975b36000309f23cf044592e1",
                "reference": "945fa5301f3d8bf975b36000309f23cf044592e1",
                "shasum": ""
            },
            "require": {
                "php": "^5.3.3 || ^7.0"
            },
            "require-dev": {
                "phpunit/phpunit": "^4.8 || ^5.0"
            },
            "type": "library",
            "autoload": {
                "psr-4": {
                    "Sinergi\\BrowserDetector\\": "src"
                }
            },
            "notification-url": "https://packagist.org/downloads/",
            "license": [
                "MIT"
            ],
            "authors": [
                {
                    "name": "Chris Schuld"
                },
                {
                    "name": "Gabriel Bull",
                    "email": "me@gabrielbull.com"
                }
            ],
            "description": "Detecting the user's browser, operating system and language.",
            "keywords": [
                "browser",
                "detection",
                "language",
                "operating system",
                "os"
            ],
            "time": "2017-04-20T15:41:45+00:00"
        }
    ],
    "packages-dev": [],
    "aliases": [],
    "minimum-stability": "stable",
    "stability-flags": {
        "sinergi/browser-detector": 20
    },
    "prefer-stable": false,
    "prefer-lowest": false,
    "platform": {
        "php": "^7.1",
        "ext-json": "*",
        "ext-mysqli": "*"
    },
    "platform-dev": []
}
